// !$*UTF8*$!
{
	archiveVersion = 1;
	classes = {
	};
	objectVersion = 56;
	objects = {

/* Begin PBXBuildFile section */
		B282E93428D96A0A001399A7 /* Constant.swift in Sources */ = {isa = PBXBuildFile; fileRef = B282E93328D96A0A001399A7 /* Constant.swift */; };
		B282E93828DA6759001399A7 /* BackgroundImageView.swift in Sources */ = {isa = PBXBuildFile; fileRef = B282E93728DA6759001399A7 /* BackgroundImageView.swift */; };
		B282E93C28DA75EC001399A7 /* NewTaskItemView.swift in Sources */ = {isa = PBXBuildFile; fileRef = B282E93B28DA75EC001399A7 /* NewTaskItemView.swift */; };
		B282E93E28DA7BE4001399A7 /* BlankView.swift in Sources */ = {isa = PBXBuildFile; fileRef = B282E93D28DA7BE4001399A7 /* BlankView.swift */; };
		B282E94028DA834E001399A7 /* ListRowItemView.swift in Sources */ = {isa = PBXBuildFile; fileRef = B282E93F28DA834E001399A7 /* ListRowItemView.swift */; };
		B282E94228DA85E9001399A7 /* CheckboxStyle.swift in Sources */ = {isa = PBXBuildFile; fileRef = B282E94128DA85E9001399A7 /* CheckboxStyle.swift */; };
		B28B37E528D8AC37005686C0 /* DevoteAppApp.swift in Sources */ = {isa = PBXBuildFile; fileRef = B28B37E428D8AC37005686C0 /* DevoteAppApp.swift */; };
		B28B37E728D8AC37005686C0 /* ContentView.swift in Sources */ = {isa = PBXBuildFile; fileRef = B28B37E628D8AC37005686C0 /* ContentView.swift */; };
		B28B37E928D8AC39005686C0 /* Assets.xcassets in Resources */ = {isa = PBXBuildFile; fileRef = B28B37E828D8AC39005686C0 /* Assets.xcassets */; };
		B28B37EC28D8AC39005686C0 /* Preview Assets.xcassets in Resources */ = {isa = PBXBuildFile; fileRef = B28B37EB28D8AC39005686C0 /* Preview Assets.xcassets */; };
		B28B37EE28D8AC39005686C0 /* Persistence.swift in Sources */ = {isa = PBXBuildFile; fileRef = B28B37ED28D8AC39005686C0 /* Persistence.swift */; };
		B28B37F128D8AC39005686C0 /* DevoteApp.xcdatamodeld in Sources */ = {isa = PBXBuildFile; fileRef = B28B37EF28D8AC39005686C0 /* DevoteApp.xcdatamodeld */; };
		B28B37FB28D8ACBB005686C0 /* sound-ding.mp3 in Resources */ = {isa = PBXBuildFile; fileRef = B28B37F828D8AC9E005686C0 /* sound-ding.mp3 */; };
		B28B37FC28D8ACBB005686C0 /* sound-tap.mp3 in Resources */ = {isa = PBXBuildFile; fileRef = B28B37F728D8AC9E005686C0 /* sound-tap.mp3 */; };
		B28B37FD28D8ACBB005686C0 /* sound-rise.mp3 in Resources */ = {isa = PBXBuildFile; fileRef = B28B37F928D8AC9E005686C0 /* sound-rise.mp3 */; };
/* End PBXBuildFile section */

/* Begin PBXFileReference section */
		B282E93328D96A0A001399A7 /* Constant.swift */ = {isa = PBXFileReference; lastKnownFileType = sourcecode.swift; path = Constant.swift; sourceTree = "<group>"; };
		B282E93728DA6759001399A7 /* BackgroundImageView.swift */ = {isa = PBXFileReference; lastKnownFileType = sourcecode.swift; path = BackgroundImageView.swift; sourceTree = "<group>"; };
		B282E93B28DA75EC001399A7 /* NewTaskItemView.swift */ = {isa = PBXFileReference; lastKnownFileType = sourcecode.swift; path = NewTaskItemView.swift; sourceTree = "<group>"; };
		B282E93D28DA7BE4001399A7 /* BlankView.swift */ = {isa = PBXFileReference; lastKnownFileType = sourcecode.swift; path = BlankView.swift; sourceTree = "<group>"; };
		B282E93F28DA834E001399A7 /* ListRowItemView.swift */ = {isa = PBXFileReference; lastKnownFileType = sourcecode.swift; path = ListRowItemView.swift; sourceTree = "<group>"; };
		B282E94128DA85E9001399A7 /* CheckboxStyle.swift */ = {isa = PBXFileReference; lastKnownFileType = sourcecode.swift; path = CheckboxStyle.swift; sourceTree = "<group>"; };
		B28B37E128D8AC37005686C0 /* DevoteApp.app */ = {isa = PBXFileReference; explicitFileType = wrapper.application; includeInIndex = 0; path = DevoteApp.app; sourceTree = BUILT_PRODUCTS_DIR; };
		B28B37E428D8AC37005686C0 /* DevoteAppApp.swift */ = {isa = PBXFileReference; lastKnownFileType = sourcecode.swift; path = DevoteAppApp.swift; sourceTree = "<group>"; };
		B28B37E628D8AC37005686C0 /* ContentView.swift */ = {isa = PBXFileReference; lastKnownFileType = sourcecode.swift; path = ContentView.swift; sourceTree = "<group>"; };
		B28B37E828D8AC39005686C0 /* Assets.xcassets */ = {isa = PBXFileReference; lastKnownFileType = folder.assetcatalog; path = Assets.xcassets; sourceTree = "<group>"; };
		B28B37EB28D8AC39005686C0 /* Preview Assets.xcassets */ = {isa = PBXFileReference; lastKnownFileType = folder.assetcatalog; path = "Preview Assets.xcassets"; sourceTree = "<group>"; };
		B28B37ED28D8AC39005686C0 /* Persistence.swift */ = {isa = PBXFileReference; lastKnownFileType = sourcecode.swift; path = Persistence.swift; sourceTree = "<group>"; };
		B28B37F028D8AC39005686C0 /* DevoteApp.xcdatamodel */ = {isa = PBXFileReference; lastKnownFileType = wrapper.xcdatamodel; path = DevoteApp.xcdatamodel; sourceTree = "<group>"; };
		B28B37F728D8AC9E005686C0 /* sound-tap.mp3 */ = {isa = PBXFileReference; lastKnownFileType = audio.mp3; path = "sound-tap.mp3"; sourceTree = "<group>"; };
		B28B37F828D8AC9E005686C0 /* sound-ding.mp3 */ = {isa = PBXFileReference; lastKnownFileType = audio.mp3; path = "sound-ding.mp3"; sourceTree = "<group>"; };
		B28B37F928D8AC9E005686C0 /* sound-rise.mp3 */ = {isa = PBXFileReference; lastKnownFileType = audio.mp3; path = "sound-rise.mp3"; sourceTree = "<group>"; };
		B28B380328D8AD65005686C0 /* Info.plist */ = {isa = PBXFileReference; lastKnownFileType = text.plist; path = Info.plist; sourceTree = "<group>"; };
/* End PBXFileReference section */

/* Begin PBXFrameworksBuildPhase section */
		B28B37DE28D8AC37005686C0 /* Frameworks */ = {
			isa = PBXFrameworksBuildPhase;
			buildActionMask = 2147483647;
			files = (
			);
			runOnlyForDeploymentPostprocessing = 0;
		};
/* End PBXFrameworksBuildPhase section */

/* Begin PBXGroup section */
		B28B37D828D8AC37005686C0 = {
			isa = PBXGroup;
			children = (
				B28B37E328D8AC37005686C0 /* DevoteApp */,
				B28B37E228D8AC37005686C0 /* Products */,
			);
			sourceTree = "<group>";
		};
		B28B37E228D8AC37005686C0 /* Products */ = {
			isa = PBXGroup;
			children = (
				B28B37E128D8AC37005686C0 /* DevoteApp.app */,
			);
			name = Products;
			sourceTree = "<group>";
		};
		B28B37E328D8AC37005686C0 /* DevoteApp */ = {
			isa = PBXGroup;
			children = (
				B28B380328D8AD65005686C0 /* Info.plist */,
				B28B380128D8AD18005686C0 /* Style */,
				B28B37FF28D8ACF5005686C0 /* Utility */,
				B28B37FE28D8ACEE005686C0 /* Extension */,
				B28B37E428D8AC37005686C0 /* DevoteAppApp.swift */,
				B28B380028D8AD00005686C0 /* View */,
				B28B37E828D8AC39005686C0 /* Assets.xcassets */,
				B28B380228D8AD2B005686C0 /* Model */,
				B28B37FA28D8ACAF005686C0 /* Sound */,
				B28B37EA28D8AC39005686C0 /* Preview Content */,
			);
			path = DevoteApp;
			sourceTree = "<group>";
		};
		B28B37EA28D8AC39005686C0 /* Preview Content */ = {
			isa = PBXGroup;
			children = (
				B28B37EB28D8AC39005686C0 /* Preview Assets.xcassets */,
			);
			path = "Preview Content";
			sourceTree = "<group>";
		};
		B28B37FA28D8ACAF005686C0 /* Sound */ = {
			isa = PBXGroup;
			children = (
				B28B37F728D8AC9E005686C0 /* sound-tap.mp3 */,
				B28B37F928D8AC9E005686C0 /* sound-rise.mp3 */,
				B28B37F828D8AC9E005686C0 /* sound-ding.mp3 */,
			);
			path = Sound;
			sourceTree = "<group>";
		};
		B28B37FE28D8ACEE005686C0 /* Extension */ = {
			isa = PBXGroup;
			children = (
			);
			path = Extension;
			sourceTree = "<group>";
		};
		B28B37FF28D8ACF5005686C0 /* Utility */ = {
			isa = PBXGroup;
			children = (
				B282E93328D96A0A001399A7 /* Constant.swift */,
			);
			path = Utility;
			sourceTree = "<group>";
		};
		B28B380028D8AD00005686C0 /* View */ = {
			isa = PBXGroup;
			children = (
				B28B37E628D8AC37005686C0 /* ContentView.swift */,
				B282E93728DA6759001399A7 /* BackgroundImageView.swift */,
				B282E93B28DA75EC001399A7 /* NewTaskItemView.swift */,
				B282E93D28DA7BE4001399A7 /* BlankView.swift */,
				B282E93F28DA834E001399A7 /* ListRowItemView.swift */,
			);
			path = View;
			sourceTree = "<group>";
		};
		B28B380128D8AD18005686C0 /* Style */ = {
			isa = PBXGroup;
			children = (
				B282E94128DA85E9001399A7 /* CheckboxStyle.swift */,
			);
			path = Style;
			sourceTree = "<group>";
		};
		B28B380228D8AD2B005686C0 /* Model */ = {
			isa = PBXGroup;
			children = (
				B28B37ED28D8AC39005686C0 /* Persistence.swift */,
				B28B37EF28D8AC39005686C0 /* DevoteApp.xcdatamodeld */,
			);
			path = Model;
			sourceTree = "<group>";
		};
/* End PBXGroup section */

/* Begin PBXNativeTarget section */
		B28B37E028D8AC37005686C0 /* DevoteApp */ = {
			isa = PBXNativeTarget;
			buildConfigurationList = B28B37F428D8AC39005686C0 /* Build configuration list for PBXNativeTarget "DevoteApp" */;
			buildPhases = (
				B28B37DD28D8AC37005686C0 /* Sources */,
				B28B37DE28D8AC37005686C0 /* Frameworks */,
				B28B37DF28D8AC37005686C0 /* Resources */,
			);
			buildRules = (
			);
			dependencies = (
			);
			name = DevoteApp;
			productName = DevoteApp;
			productReference = B28B37E128D8AC37005686C0 /* DevoteApp.app */;
			productType = "com.apple.product-type.application";
		};
/* End PBXNativeTarget section */

/* Begin PBXProject section */
		B28B37D928D8AC37005686C0 /* Project object */ = {
			isa = PBXProject;
			attributes = {
				BuildIndependentTargetsInParallel = 1;
				LastSwiftUpdateCheck = 1400;
				LastUpgradeCheck = 1400;
				TargetAttributes = {
					B28B37E028D8AC37005686C0 = {
						CreatedOnToolsVersion = 14.0;
					};
				};
			};
			buildConfigurationList = B28B37DC28D8AC37005686C0 /* Build configuration list for PBXProject "DevoteApp" */;
			compatibilityVersion = "Xcode 14.0";
			developmentRegion = en;
			hasScannedForEncodings = 0;
			knownRegions = (
				en,
				Base,
			);
			mainGroup = B28B37D828D8AC37005686C0;
			productRefGroup = B28B37E228D8AC37005686C0 /* Products */;
			projectDirPath = "";
			projectRoot = "";
			targets = (
				B28B37E028D8AC37005686C0 /* DevoteApp */,
			);
		};
/* End PBXProject section */

/* Begin PBXResourcesBuildPhase section */
		B28B37DF28D8AC37005686C0 /* Resources */ = {
			isa = PBXResourcesBuildPhase;
			buildActionMask = 2147483647;
			files = (
				B28B37FD28D8ACBB005686C0 /* sound-rise.mp3 in Resources */,
				B28B37EC28D8AC39005686C0 /* Preview Assets.xcassets in Resources */,
				B28B37E928D8AC39005686C0 /* Assets.xcassets in Resources */,
				B28B37FC28D8ACBB005686C0 /* sound-tap.mp3 in Resources */,
				B28B37FB28D8ACBB005686C0 /* sound-ding.mp3 in Resources */,
			);
			runOnlyForDeploymentPostprocessing = 0;
		};
/* End PBXResourcesBuildPhase section */

/* Begin PBXSourcesBuildPhase section */
		B28B37DD28D8AC37005686C0 /* Sources */ = {
			isa = PBXSourcesBuildPhase;
			buildActionMask = 2147483647;
			files = (
				B282E94028DA834E001399A7 /* ListRowItemView.swift in Sources */,
				B282E93C28DA75EC001399A7 /* NewTaskItemView.swift in Sources */,
				B282E93828DA6759001399A7 /* BackgroundImageView.swift in Sources */,
				B28B37EE28D8AC39005686C0 /* Persistence.swift in Sources */,
				B28B37E728D8AC37005686C0 /* ContentView.swift in Sources */,
				B282E93428D96A0A001399A7 /* Constant.swift in Sources */,
				B282E93E28DA7BE4001399A7 /* BlankView.swift in Sources */,
				B28B37F128D8AC39005686C0 /* DevoteApp.xcdatamodeld in Sources */,
				B282E94228DA85E9001399A7 /* CheckboxStyle.swift in Sources */,
				B28B37E528D8AC37005686C0 /* DevoteAppApp.swift in Sources */,
			);
			runOnlyForDeploymentPostprocessing = 0;
		};
/* End PBXSourcesBuildPhase section */

/* Begin XCBuildConfiguration section */
		B28B37F228D8AC39005686C0 /* Debug */ = {
			isa = XCBuildConfiguration;
			buildSettings = {
				ALWAYS_SEARCH_USER_PATHS = NO;
				CLANG_ANALYZER_NONNULL = YES;
				CLANG_ANALYZER_NUMBER_OBJECT_CONVERSION = YES_AGGRESSIVE;
				CLANG_CXX_LANGUAGE_STANDARD = "gnu++20";
				CLANG_ENABLE_MODULES = YES;
				CLANG_ENABLE_OBJC_ARC = YES;
				CLANG_ENABLE_OBJC_WEAK = YES;
				CLANG_WARN_BLOCK_CAPTURE_AUTORELEASING = YES;
				CLANG_WARN_BOOL_CONVERSION = YES;
				CLANG_WARN_COMMA = YES;
				CLANG_WARN_CONSTANT_CONVERSION = YES;
				CLANG_WARN_DEPRECATED_OBJC_IMPLEMENTATIONS = YES;
				CLANG_WARN_DIRECT_OBJC_ISA_USAGE = YES_ERROR;
				CLANG_WARN_DOCUMENTATION_COMMENTS = YES;
				CLANG_WARN_EMPTY_BODY = YES;
				CLANG_WARN_ENUM_CONVERSION = YES;
				CLANG_WARN_INFINITE_RECURSION = YES;
				CLANG_WARN_INT_CONVERSION = YES;
				CLANG_WARN_NON_LITERAL_NULL_CONVERSION = YES;
				CLANG_WARN_OBJC_IMPLICIT_RETAIN_SELF = YES;
				CLANG_WARN_OBJC_LITERAL_CONVERSION = YES;
				CLANG_WARN_OBJC_ROOT_CLASS = YES_ERROR;
				CLANG_WARN_QUOTED_INCLUDE_IN_FRAMEWORK_HEADER = YES;
				CLANG_WARN_RANGE_LOOP_ANALYSIS = YES;
				CLANG_WARN_STRICT_PROTOTYPES = YES;
				CLANG_WARN_SUSPICIOUS_MOVE = YES;
				CLANG_WARN_UNGUARDED_AVAILABILITY = YES_AGGRESSIVE;
				CLANG_WARN_UNREACHABLE_CODE = YES;
				CLANG_WARN__DUPLICATE_METHOD_MATCH = YES;
				COPY_PHASE_STRIP = NO;
				DEBUG_INFORMATION_FORMAT = dwarf;
				ENABLE_STRICT_OBJC_MSGSEND = YES;
				ENABLE_TESTABILITY = YES;
				GCC_C_LANGUAGE_STANDARD = gnu11;
				GCC_DYNAMIC_NO_PIC = NO;
				GCC_NO_COMMON_BLOCKS = YES;
				GCC_OPTIMIZATION_LEVEL = 0;
				GCC_PREPROCESSOR_DEFINITIONS = (
					"DEBUG=1",
					"$(inherited)",
				);
				GCC_WARN_64_TO_32_BIT_CONVERSION = YES;
				GCC_WARN_ABOUT_RETURN_TYPE = YES_ERROR;
				GCC_WARN_UNDECLARED_SELECTOR = YES;
				GCC_WARN_UNINITIALIZED_AUTOS = YES_AGGRESSIVE;
				GCC_WARN_UNUSED_FUNCTION = YES;
				GCC_WARN_UNUSED_VARIABLE = YES;
				IPHONEOS_DEPLOYMENT_TARGET = 16.0;
				MTL_ENABLE_DEBUG_INFO = INCLUDE_SOURCE;
				MTL_FAST_MATH = YES;
				ONLY_ACTIVE_ARCH = YES;
				SDKROOT = iphoneos;
				SWIFT_ACTIVE_COMPILATION_CONDITIONS = DEBUG;
				SWIFT_OPTIMIZATION_LEVEL = "-Onone";
			};
			name = Debug;
		};
		B28B37F328D8AC39005686C0 /* Release */ = {
			isa = XCBuildConfiguration;
			buildSettings = {
				ALWAYS_SEARCH_USER_PATHS = NO;
				CLANG_ANALYZER_NONNULL = YES;
				CLANG_ANALYZER_NUMBER_OBJECT_CONVERSION = YES_AGGRESSIVE;
				CLANG_CXX_LANGUAGE_STANDARD = "gnu++20";
				CLANG_ENABLE_MODULES = YES;
				CLANG_ENABLE_OBJC_ARC = YES;
				CLANG_ENABLE_OBJC_WEAK = YES;
				CLANG_WARN_BLOCK_CAPTURE_AUTORELEASING = YES;
				CLANG_WARN_BOOL_CONVERSION = YES;
				CLANG_WARN_COMMA = YES;
				CLANG_WARN_CONSTANT_CONVERSION = YES;
				CLANG_WARN_DEPRECATED_OBJC_IMPLEMENTATIONS = YES;
				CLANG_WARN_DIRECT_OBJC_ISA_USAGE = YES_ERROR;
				CLANG_WARN_DOCUMENTATION_COMMENTS = YES;
				CLANG_WARN_EMPTY_BODY = YES;
				CLANG_WARN_ENUM_CONVERSION = YES;
				CLANG_WARN_INFINITE_RECURSION = YES;
				CLANG_WARN_INT_CONVERSION = YES;
				CLANG_WARN_NON_LITERAL_NULL_CONVERSION = YES;
				CLANG_WARN_OBJC_IMPLICIT_RETAIN_SELF = YES;
				CLANG_WARN_OBJC_LITERAL_CONVERSION = YES;
				CLANG_WARN_OBJC_ROOT_CLASS = YES_ERROR;
				CLANG_WARN_QUOTED_INCLUDE_IN_FRAMEWORK_HEADER = YES;
				CLANG_WARN_RANGE_LOOP_ANALYSIS = YES;
				CLANG_WARN_STRICT_PROTOTYPES = YES;
				CLANG_WARN_SUSPICIOUS_MOVE = YES;
				CLANG_WARN_UNGUARDED_AVAILABILITY = YES_AGGRESSIVE;
				CLANG_WARN_UNREACHABLE_CODE = YES;
				CLANG_WARN__DUPLICATE_METHOD_MATCH = YES;
				COPY_PHASE_STRIP = NO;
				DEBUG_INFORMATION_FORMAT = "dwarf-with-dsym";
				ENABLE_NS_ASSERTIONS = NO;
				ENABLE_STRICT_OBJC_MSGSEND = YES;
				GCC_C_LANGUAGE_STANDARD = gnu11;
				GCC_NO_COMMON_BLOCKS = YES;
				GCC_WARN_64_TO_32_BIT_CONVERSION = YES;
				GCC_WARN_ABOUT_RETURN_TYPE = YES_ERROR;
				GCC_WARN_UNDECLARED_SELECTOR = YES;
				GCC_WARN_UNINITIALIZED_AUTOS = YES_AGGRESSIVE;
				GCC_WARN_UNUSED_FUNCTION = YES;
				GCC_WARN_UNUSED_VARIABLE = YES;
				IPHONEOS_DEPLOYMENT_TARGET = 16.0;
				MTL_ENABLE_DEBUG_INFO = NO;
				MTL_FAST_MATH = YES;
				SDKROOT = iphoneos;
				SWIFT_COMPILATION_MODE = wholemodule;
				SWIFT_OPTIMIZATION_LEVEL = "-O";
				VALIDATE_PRODUCT = YES;
			};
			name = Release;
		};
		B28B37F528D8AC39005686C0 /* Debug */ = {
			isa = XCBuildConfiguration;
			buildSettings = {
				ASSETCATALOG_COMPILER_APPICON_NAME = AppIcon;
				ASSETCATALOG_COMPILER_GLOBAL_ACCENT_COLOR_NAME = AccentColor;
				CODE_SIGN_STYLE = Automatic;
				CURRENT_PROJECT_VERSION = 1;
				DEVELOPMENT_ASSET_PATHS = "\"DevoteApp/Preview Content\"";
				ENABLE_PREVIEWS = YES;
				GENERATE_INFOPLIST_FILE = YES;
				INFOPLIST_FILE = DevoteApp/Info.plist;
				INFOPLIST_KEY_UIApplicationSceneManifest_Generation = YES;
				INFOPLIST_KEY_UIApplicationSupportsIndirectInputEvents = YES;
				INFOPLIST_KEY_UISupportedInterfaceOrientations = UIInterfaceOrientationPortrait;
				LD_RUNPATH_SEARCH_PATHS = (
					"$(inherited)",
					"@executable_path/Frameworks",
				);
				MARKETING_VERSION = 1.0;
				PRODUCT_BUNDLE_IDENTIFIER = com.thoughtworks.DevoteApp;
				PRODUCT_NAME = "$(TARGET_NAME)";
				SWIFT_EMIT_LOC_STRINGS = YES;
				SWIFT_VERSION = 5.0;
				TARGETED_DEVICE_FAMILY = "1,2";
			};
			name = Debug;
		};
		B28B37F628D8AC39005686C0 /* Release */ = {
			isa = XCBuildConfiguration;
			buildSettings = {
				ASSETCATALOG_COMPILER_APPICON_NAME = AppIcon;
				ASSETCATALOG_COMPILER_GLOBAL_ACCENT_COLOR_NAME = AccentColor;
				CODE_SIGN_STYLE = Automatic;
				CURRENT_PROJECT_VERSION = 1;
				DEVELOPMENT_ASSET_PATHS = "\"DevoteApp/Preview Content\"";
				ENABLE_PREVIEWS = YES;
				GENERATE_INFOPLIST_FILE = YES;
				INFOPLIST_FILE = DevoteApp/Info.plist;
				INFOPLIST_KEY_UIApplicationSceneManifest_Generation = YES;
				INFOPLIST_KEY_UIApplicationSupportsIndirectInputEvents = YES;
				INFOPLIST_KEY_UISupportedInterfaceOrientations = UIInterfaceOrientationPortrait;
				LD_RUNPATH_SEARCH_PATHS = (
					"$(inherited)",
					"@executable_path/Frameworks",
				);
				MARKETING_VERSION = 1.0;
				PRODUCT_BUNDLE_IDENTIFIER = com.thoughtworks.DevoteApp;
				PRODUCT_NAME = "$(TARGET_NAME)";
				SWIFT_EMIT_LOC_STRINGS = YES;
				SWIFT_VERSION = 5.0;
				TARGETED_DEVICE_FAMILY = "1,2";
			};
			name = Release;
		};
/* End XCBuildConfiguration section */

/* Begin XCConfigurationList section */
		B28B37DC28D8AC37005686C0 /* Build configuration list for PBXProject "DevoteApp" */ = {
			isa = XCConfigurationList;
			buildConfigurations = (
				B28B37F228D8AC39005686C0 /* Debug */,
				B28B37F328D8AC39005686C0 /* Release */,
			);
			defaultConfigurationIsVisible = 0;
			defaultConfigurationName = Release;
		};
		B28B37F428D8AC39005686C0 /* Build configuration list for PBXNativeTarget "DevoteApp" */ = {
			isa = XCConfigurationList;
			buildConfigurations = (
				B28B37F528D8AC39005686C0 /* Debug */,
				B28B37F628D8AC39005686C0 /* Release */,
			);
			defaultConfigurationIsVisible = 0;
			defaultConfigurationName = Release;
		};
/* End XCConfigurationList section */

/* Begin XCVersionGroup section */
		B28B37EF28D8AC39005686C0 /* DevoteApp.xcdatamodeld */ = {
			isa = XCVersionGroup;
			children = (
				B28B37F028D8AC39005686C0 /* DevoteApp.xcdatamodel */,
			);
			currentVersion = B28B37F028D8AC39005686C0 /* DevoteApp.xcdatamodel */;
			path = DevoteApp.xcdatamodeld;
			sourceTree = "<group>";
			versionGroupType = wrapper.xcdatamodel;
		};
/* End XCVersionGroup section */
	};
	rootObject = B28B37D928D8AC37005686C0 /* Project object */;
}
